
Microsoft Visual Studio Solution File, Format Version 12.00
# Visual Studio Version 18
VisualStudioVersion = 18.6.11819.183 stable
MinimumVisualStudioVersion = 10.0.40219.1
Project("{FAE04EC0-301F-11D3-BF4B-00C04F79EFBC}") = "SnakeClaude", "SnakeClaude.csproj", "{42EBC5AD-91A3-4300-7903-3F215CE8BBDE}"
EndProject
Global
	GlobalSection(SolutionConfigurationPlatforms) = preSolution
		Debug|Any CPU = Debug|Any CPU
		Release|Any CPU = Release|Any CPU
	EndGlobalSection
	GlobalSection(ProjectConfigurationPlatforms) = postSolution
		{42EBC5AD-91A3-4300-7903-3F215CE8BBDE}.Debug|Any CPU.ActiveCfg = Debug|Any CPU
		{42EBC5AD-91A3-4300-7903-3F215CE8BBDE}.Debug|Any CPU.Build.0 = Debug|Any CPU
		{42EBC5AD-91A3-4300-7903-3F215CE8BBDE}.Release|Any CPU.ActiveCfg = Release|Any CPU
		{42EBC5AD-91A3-4300-7903-3F215CE8BBDE}.Release|Any CPU.Build.0 = Release|Any CPU
	EndGlobalSection
	GlobalSection(SolutionProperties) = preSolution
		HideSolutionNode = FALSE
	EndGlobalSection
	GlobalSection(ExtensibilityGlobals) = postSolution
		SolutionGuid = {7018C77F-D479-4537-9659-49AD2DCA0411}
	EndGlobalSection
EndGlobal
